
Microsoft Visual Studio Solution File, Format Version 11.00
# Visual Studio 2010
Project("{FAE04EC0-301F-11D3-BF4B-00C04F79EFBC}") = "Assembly-CSharp", "Assembly-CSharp.csproj", "{319c6ebb-fe70-8475-6b2f-048d553eb7df}"
EndProject
Project("{FAE04EC0-301F-11D3-BF4B-00C04F79EFBC}") = "Assembly-CSharp-firstpass", "Assembly-CSharp-firstpass.csproj", "{103a3b6a-e650-d663-41d3-0323b1d74f2f}"
EndProject
Project("{FAE04EC0-301F-11D3-BF4B-00C04F79EFBC}") = "Assembly-CSharp-Editor", "Assembly-CSharp-Editor.csproj", "{eb6f659a-bacf-e6c7-0e8f-761ed714c871}"
EndProject
Project("{FAE04EC0-301F-11D3-BF4B-00C04F79EFBC}") = "Assembly-CSharp-Editor-firstpass", "Assembly-CSharp-Editor-firstpass.csproj", "{e31cfdc8-ee78-db0e-f862-e1445fe0eeca}"
EndProject
Global
	GlobalSection(SolutionConfigurationPlatforms) = preSolution
		Debug|Any CPU = Debug|Any CPU
	EndGlobalSection
	GlobalSection(ProjectConfigurationPlatforms) = postSolution
		{319c6ebb-fe70-8475-6b2f-048d553eb7df}.Debug|Any CPU.ActiveCfg = Debug|Any CPU
		{319c6ebb-fe70-8475-6b2f-048d553eb7df}.Debug|Any CPU.Build.0 = Debug|Any CPU
		{103a3b6a-e650-d663-41d3-0323b1d74f2f}.Debug|Any CPU.ActiveCfg = Debug|Any CPU
		{103a3b6a-e650-d663-41d3-0323b1d74f2f}.Debug|Any CPU.Build.0 = Debug|Any CPU
		{eb6f659a-bacf-e6c7-0e8f-761ed714c871}.Debug|Any CPU.ActiveCfg = Debug|Any CPU
		{eb6f659a-bacf-e6c7-0e8f-761ed714c871}.Debug|Any CPU.Build.0 = Debug|Any CPU
		{e31cfdc8-ee78-db0e-f862-e1445fe0eeca}.Debug|Any CPU.ActiveCfg = Debug|Any CPU
		{e31cfdc8-ee78-db0e-f862-e1445fe0eeca}.Debug|Any CPU.Build.0 = Debug|Any CPU
	EndGlobalSection
	GlobalSection(SolutionProperties) = preSolution
		HideSolutionNode = FALSE
	EndGlobalSection
EndGlobal
